{
  "name": "jazzy-js",
  "version": "1.0.0",
  "lockfileVersion": 2,
  "requires": true,
  "packages": {
    "": {
      "name": "jazzy-js",
      "version": "1.0.0",
      "license": "MIT",
      "dependencies": {
        "corejs-typeahead": "^1.3.1",
        "jquery": "^3.6.0",
        "katex": "^0.13.3",
        "lunr": "^2.3.9"
      }
    },
    "node_modules/commander": {
      "version": "8.3.0",
      "resolved": "https://registry.npmjs.org/commander/-/commander-8.3.0.tgz",
      "integrity": "sha512-OkTL9umf+He2DZkUq8f8J9of7yL6RJKI24dVITBmNfZBmri9zYZQrKkuXiKhyfPSu8tUhnVBB1iKXevvnlR4Ww==",
      "engines": {
        "node": ">= 12"
      }
    },
    "node_modules/corejs-typeahead": {
      "version": "1.3.1",
      "resolved": "https://registry.npmjs.org/corejs-typeahead/-/corejs-typeahead-1.3.1.tgz",
      "integrity": "sha512-fyNlBNWJNL6EQUnJyAunEzBzRcwR2cEHtZXBi2pndHPOJ/wpOf3wbS+/Oh+kYYS5sKowQcs0LFwMSl6Y2Xeqkw==",
      "dependencies": {
        "jquery": ">=1.11"
      }
    },
    "node_modules/jquery": {
      "version": "3.6.1",
      "resolved": "https://registry.npmjs.org/jquery/-/jquery-3.6.1.tgz",
      "integrity": "sha512-opJeO4nCucVnsjiXOE+/PcCgYw9Gwpvs/a6B1LL/lQhwWwpbVEVYDZ1FokFr8PRc7ghYlrFPuyHuiiDNTQxmcw=="
    },
    "node_modules/katex": {
      "version": "0.13.24",
      "resolved": "https://registry.npmjs.org/katex/-/katex-0.13.24.tgz",
      "integrity": "sha512-jZxYuKCma3VS5UuxOx/rFV1QyGSl3Uy/i0kTJF3HgQ5xMinCQVF8Zd4bMY/9aI9b9A2pjIBOsjSSm68ykTAr8w==",
      "funding": [
        "https://opencollective.com/katex",
        "https://github.com/sponsors/katex"
      ],
      "dependencies": {
        "commander": "^8.0.0"
      },
      "bin": {
        "katex": "cli.js"
      }
    },
    "node_modules/lunr": {
      "version": "2.3.9",
      "resolved": "https://registry.npmjs.org/lunr/-/lunr-2.3.9.tgz",
      "integrity": "sha512-zTU3DaZaF3Rt9rhN3uBMGQD3dD2/vFQqnvZCDv4dl5iOzq2IZQqTxu90r4E5J+nP70J3ilqVCrbho2eWaeW8Ow=="
    }
  },
  "dependencies": {
    "commander": {
      "version": "8.3.0",
      "resolved": "https://registry.npmjs.org/commander/-/commander-8.3.0.tgz",
      "integrity": "sha512-OkTL9umf+He2DZkUq8f8J9of7yL6RJKI24dVITBmNfZBmri9zYZQrKkuXiKhyfPSu8tUhnVBB1iKXevvnlR4Ww=="
    },
    "corejs-typeahead": {
      "version": "1.3.1",
      "resolved": "https://registry.npmjs.org/corejs-typeahead/-/corejs-typeahead-1.3.1.tgz",
      "integrity": "sha512-fyNlBNWJNL6EQUnJyAunEzBzRcwR2cEHtZXBi2pndHPOJ/wpOf3wbS+/Oh+kYYS5sKowQcs0LFwMSl6Y2Xeqkw==",
      "requires": {
        "jquery": ">=1.11"
      }
    },
    "jquery": {
      "version": "3.6.1",
      "resolved": "https://registry.npmjs.org/jquery/-/jquery-3.6.1.tgz",
      "integrity": "sha512-opJeO4nCucVnsjiXOE+/PcCgYw9Gwpvs/a6B1LL/lQhwWwpbVEVYDZ1FokFr8PRc7ghYlrFPuyHuiiDNTQxmcw=="
    },
    "katex": {
      "version": "0.13.24",
      "resolved": "https://registry.npmjs.org/katex/-/katex-0.13.24.tgz",
      "integrity": "sha512-jZxYuKCma3VS5UuxOx/rFV1QyGSl3Uy/i0kTJF3HgQ5xMinCQVF8Zd4bMY/9aI9b9A2pjIBOsjSSm68ykTAr8w==",
      "requires": {
        "commander": "^8.0.0"
      }
    },
    "lunr": {
      "version": "2.3.9",
      "resolved": "https://registry.npmjs.org/lunr/-/lunr-2.3.9.tgz",
      "integrity": "sha512-zTU3DaZaF3Rt9rhN3uBMGQD3dD2/vFQqnvZCDv4dl5iOzq2IZQqTxu90r4E5J+nP70J3ilqVCrbho2eWaeW8Ow=="
    }
  }
}
