{
  "name": "jazzy-js",
  "version": "1.0.0",
  "lockfileVersion": 3,
  "requires": true,
  "packages": {
    "": {
      "name": "jazzy-js",
      "version": "1.0.0",
      "license": "MIT",
      "dependencies": {
        "corejs-typeahead": "^1.3.1",
        "jquery": "^3.7.1",
        "katex": "^0.16.8",
        "lunr": "^2.3.9"
      }
    },
    "node_modules/commander": {
      "version": "8.3.0",
      "resolved": "https://registry.npmjs.org/commander/-/commander-8.3.0.tgz",
      "integrity": "sha512-OkTL9umf+He2DZkUq8f8J9of7yL6RJKI24dVITBmNfZBmri9zYZQrKkuXiKhyfPSu8tUhnVBB1iKXevvnlR4Ww==",
      "engines": {
        "node": ">= 12"
      }
    },
    "node_modules/corejs-typeahead": {
      "version": "1.3.3",
      "resolved": "https://registry.npmjs.org/corejs-typeahead/-/corejs-typeahead-1.3.3.tgz",
      "integrity": "sha512-i+WiSdYiB4QiWTlx9kbn/Nk3zvG/FT/cj8EgBlSkEvQB1doJKb61ix0i6jxe4Y8znvfM8g2nkSGglhsF/cWFAA==",
      "dependencies": {
        "jquery": ">=1.11"
      }
    },
    "node_modules/jquery": {
      "version": "3.7.1",
      "resolved": "https://registry.npmjs.org/jquery/-/jquery-3.7.1.tgz",
      "integrity": "sha512-m4avr8yL8kmFN8psrbFFFmB/If14iN5o9nw/NgnnM+kybDJpRsAynV2BsfpTYrTRysYUdADVD7CkUUizgkpLfg=="
    },
    "node_modules/katex": {
      "version": "0.16.8",
      "resolved": "https://registry.npmjs.org/katex/-/katex-0.16.8.tgz",
      "integrity": "sha512-ftuDnJbcbOckGY11OO+zg3OofESlbR5DRl2cmN8HeWeeFIV7wTXvAOx8kEjZjobhA+9wh2fbKeO6cdcA9Mnovg==",
      "funding": [
        "https://opencollective.com/katex",
        "https://github.com/sponsors/katex"
      ],
      "dependencies": {
        "commander": "^8.3.0"
      },
      "bin": {
        "katex": "cli.js"
      }
    },
    "node_modules/lunr": {
      "version": "2.3.9",
      "resolved": "https://registry.npmjs.org/lunr/-/lunr-2.3.9.tgz",
      "integrity": "sha512-zTU3DaZaF3Rt9rhN3uBMGQD3dD2/vFQqnvZCDv4dl5iOzq2IZQqTxu90r4E5J+nP70J3ilqVCrbho2eWaeW8Ow=="
    }
  }
}
