// !$*UTF8*$!
{
	archiveVersion = 1;
	classes = {
	};
	objectVersion = 46;
	objects = {

/* Begin PBXBuildFile section */
		E84294761A3E7DD90045E150 /* sourcekitd.swift in Sources */ = {isa = PBXBuildFile; fileRef = E84294751A3E7DD90045E150 /* sourcekitd.swift */; };
		E845C91B1A41A453007F7D46 /* libclang.dylib in Frameworks */ = {isa = PBXBuildFile; fileRef = E845C91A1A41A453007F7D46 /* libclang.dylib */; };
		E84D2DAC1A04E10C00CC170B /* SwiftXPC.swift in Sources */ = {isa = PBXBuildFile; fileRef = E84D2DAA1A04E10C00CC170B /* SwiftXPC.swift */; };
		E84D2DAD1A04E10C00CC170B /* XPCType.swift in Sources */ = {isa = PBXBuildFile; fileRef = E84D2DAB1A04E10C00CC170B /* XPCType.swift */; };
		E8BC421819EF5C1A001DBEF6 /* main.swift in Sources */ = {isa = PBXBuildFile; fileRef = E8BC421719EF5C1A001DBEF6 /* main.swift */; };
		E8BC421F19EF5C67001DBEF6 /* sourcekitd.framework in Frameworks */ = {isa = PBXBuildFile; fileRef = E8BC421E19EF5C67001DBEF6 /* sourcekitd.framework */; };
/* End PBXBuildFile section */

/* Begin PBXFileReference section */
		E84294751A3E7DD90045E150 /* sourcekitd.swift */ = {isa = PBXFileReference; fileEncoding = 4; lastKnownFileType = sourcecode.swift; path = sourcekitd.swift; sourceTree = "<group>"; };
		E845C91A1A41A453007F7D46 /* libclang.dylib */ = {isa = PBXFileReference; lastKnownFileType = "compiled.mach-o.dylib"; name = libclang.dylib; path = Toolchains/XcodeDefault.xctoolchain/usr/lib/libclang.dylib; sourceTree = DEVELOPER_DIR; };
		E845C91E1A41A48E007F7D46 /* BuildSystem.h */ = {isa = PBXFileReference; fileEncoding = 4; lastKnownFileType = sourcecode.c.h; path = BuildSystem.h; sourceTree = "<group>"; };
		E845C91F1A41A48E007F7D46 /* CXCompilationDatabase.h */ = {isa = PBXFileReference; fileEncoding = 4; lastKnownFileType = sourcecode.c.h; path = CXCompilationDatabase.h; sourceTree = "<group>"; };
		E845C9201A41A48E007F7D46 /* CXErrorCode.h */ = {isa = PBXFileReference; fileEncoding = 4; lastKnownFileType = sourcecode.c.h; path = CXErrorCode.h; sourceTree = "<group>"; };
		E845C9211A41A48E007F7D46 /* CXString.h */ = {isa = PBXFileReference; fileEncoding = 4; lastKnownFileType = sourcecode.c.h; path = CXString.h; sourceTree = "<group>"; };
		E845C9221A41A48E007F7D46 /* Documentation.h */ = {isa = PBXFileReference; fileEncoding = 4; lastKnownFileType = sourcecode.c.h; path = Documentation.h; sourceTree = "<group>"; };
		E845C9231A41A48E007F7D46 /* Index.h */ = {isa = PBXFileReference; fileEncoding = 4; lastKnownFileType = sourcecode.c.h; path = Index.h; sourceTree = "<group>"; };
		E845C9241A41A48E007F7D46 /* Platform.h */ = {isa = PBXFileReference; fileEncoding = 4; lastKnownFileType = sourcecode.c.h; path = Platform.h; sourceTree = "<group>"; };
		E845C9251A41A4BF007F7D46 /* sourcekitten_Bridging_Header.h */ = {isa = PBXFileReference; fileEncoding = 4; lastKnownFileType = sourcecode.c.h; path = sourcekitten_Bridging_Header.h; sourceTree = "<group>"; };
		E84D2DAA1A04E10C00CC170B /* SwiftXPC.swift */ = {isa = PBXFileReference; fileEncoding = 4; lastKnownFileType = sourcecode.swift; path = SwiftXPC.swift; sourceTree = "<group>"; };
		E84D2DAB1A04E10C00CC170B /* XPCType.swift */ = {isa = PBXFileReference; fileEncoding = 4; lastKnownFileType = sourcecode.swift; path = XPCType.swift; sourceTree = "<group>"; };
		E8BC421419EF5C1A001DBEF6 /* sourcekitten */ = {isa = PBXFileReference; explicitFileType = "compiled.mach-o.executable"; includeInIndex = 0; path = sourcekitten; sourceTree = BUILT_PRODUCTS_DIR; };
		E8BC421719EF5C1A001DBEF6 /* main.swift */ = {isa = PBXFileReference; lastKnownFileType = sourcecode.swift; path = main.swift; sourceTree = "<group>"; };
		E8BC421E19EF5C67001DBEF6 /* sourcekitd.framework */ = {isa = PBXFileReference; lastKnownFileType = wrapper.framework; name = sourcekitd.framework; path = Toolchains/XcodeDefault.xctoolchain/usr/lib/sourcekitd.framework; sourceTree = DEVELOPER_DIR; };
/* End PBXFileReference section */

/* Begin PBXFrameworksBuildPhase section */
		E8BC421119EF5C1A001DBEF6 /* Frameworks */ = {
			isa = PBXFrameworksBuildPhase;
			buildActionMask = 2147483647;
			files = (
				E845C91B1A41A453007F7D46 /* libclang.dylib in Frameworks */,
				E8BC421F19EF5C67001DBEF6 /* sourcekitd.framework in Frameworks */,
			);
			runOnlyForDeploymentPostprocessing = 0;
		};
/* End PBXFrameworksBuildPhase section */

/* Begin PBXGroup section */
		D00139E287AB8D914B366965 /* Frameworks */ = {
			isa = PBXGroup;
			children = (
				E845C91D1A41A48E007F7D46 /* clang-c */,
				E845C91A1A41A453007F7D46 /* libclang.dylib */,
				E8BC421E19EF5C67001DBEF6 /* sourcekitd.framework */,
			);
			name = Frameworks;
			sourceTree = "<group>";
		};
		E845C91D1A41A48E007F7D46 /* clang-c */ = {
			isa = PBXGroup;
			children = (
				E845C91E1A41A48E007F7D46 /* BuildSystem.h */,
				E845C91F1A41A48E007F7D46 /* CXCompilationDatabase.h */,
				E845C9201A41A48E007F7D46 /* CXErrorCode.h */,
				E845C9211A41A48E007F7D46 /* CXString.h */,
				E845C9221A41A48E007F7D46 /* Documentation.h */,
				E845C9231A41A48E007F7D46 /* Index.h */,
				E845C9241A41A48E007F7D46 /* Platform.h */,
			);
			path = "clang-c";
			sourceTree = "<group>";
		};
		E84D2DA81A04E10C00CC170B /* Vendor */ = {
			isa = PBXGroup;
			children = (
				E84D2DA91A04E10C00CC170B /* SwiftXPC */,
			);
			path = Vendor;
			sourceTree = "<group>";
		};
		E84D2DA91A04E10C00CC170B /* SwiftXPC */ = {
			isa = PBXGroup;
			children = (
				E84D2DAA1A04E10C00CC170B /* SwiftXPC.swift */,
				E84D2DAB1A04E10C00CC170B /* XPCType.swift */,
			);
			path = SwiftXPC;
			sourceTree = "<group>";
		};
		E8BC420B19EF5C1A001DBEF6 = {
			isa = PBXGroup;
			children = (
				E84D2DA81A04E10C00CC170B /* Vendor */,
				E8BC421619EF5C1A001DBEF6 /* sourcekitten */,
				E8BC421519EF5C1A001DBEF6 /* Products */,
				D00139E287AB8D914B366965 /* Frameworks */,
			);
			sourceTree = "<group>";
		};
		E8BC421519EF5C1A001DBEF6 /* Products */ = {
			isa = PBXGroup;
			children = (
				E8BC421419EF5C1A001DBEF6 /* sourcekitten */,
			);
			name = Products;
			sourceTree = "<group>";
		};
		E8BC421619EF5C1A001DBEF6 /* sourcekitten */ = {
			isa = PBXGroup;
			children = (
				E8BC421719EF5C1A001DBEF6 /* main.swift */,
				E84294751A3E7DD90045E150 /* sourcekitd.swift */,
				E845C9251A41A4BF007F7D46 /* sourcekitten_Bridging_Header.h */,
			);
			path = sourcekitten;
			sourceTree = "<group>";
		};
/* End PBXGroup section */

/* Begin PBXNativeTarget section */
		E8BC421319EF5C1A001DBEF6 /* sourcekitten */ = {
			isa = PBXNativeTarget;
			buildConfigurationList = E8BC421B19EF5C1A001DBEF6 /* Build configuration list for PBXNativeTarget "sourcekitten" */;
			buildPhases = (
				E8BC421019EF5C1A001DBEF6 /* Sources */,
				E8BC421119EF5C1A001DBEF6 /* Frameworks */,
			);
			buildRules = (
			);
			dependencies = (
			);
			name = sourcekitten;
			productName = sourcekitten;
			productReference = E8BC421419EF5C1A001DBEF6 /* sourcekitten */;
			productType = "com.apple.product-type.tool";
		};
/* End PBXNativeTarget section */

/* Begin PBXProject section */
		E8BC420C19EF5C1A001DBEF6 /* Project object */ = {
			isa = PBXProject;
			attributes = {
				LastUpgradeCheck = 0610;
				ORGANIZATIONNAME = Realm;
				TargetAttributes = {
					E8BC421319EF5C1A001DBEF6 = {
						CreatedOnToolsVersion = 6.1;
					};
				};
			};
			buildConfigurationList = E8BC420F19EF5C1A001DBEF6 /* Build configuration list for PBXProject "sourcekitten" */;
			compatibilityVersion = "Xcode 3.2";
			developmentRegion = English;
			hasScannedForEncodings = 0;
			knownRegions = (
				en,
			);
			mainGroup = E8BC420B19EF5C1A001DBEF6;
			productRefGroup = E8BC421519EF5C1A001DBEF6 /* Products */;
			projectDirPath = "";
			projectRoot = "";
			targets = (
				E8BC421319EF5C1A001DBEF6 /* sourcekitten */,
			);
		};
/* End PBXProject section */

/* Begin PBXSourcesBuildPhase section */
		E8BC421019EF5C1A001DBEF6 /* Sources */ = {
			isa = PBXSourcesBuildPhase;
			buildActionMask = 2147483647;
			files = (
				E8BC421819EF5C1A001DBEF6 /* main.swift in Sources */,
				E84D2DAD1A04E10C00CC170B /* XPCType.swift in Sources */,
				E84294761A3E7DD90045E150 /* sourcekitd.swift in Sources */,
				E84D2DAC1A04E10C00CC170B /* SwiftXPC.swift in Sources */,
			);
			runOnlyForDeploymentPostprocessing = 0;
		};
/* End PBXSourcesBuildPhase section */

/* Begin XCBuildConfiguration section */
		E8BC421919EF5C1A001DBEF6 /* Debug */ = {
			isa = XCBuildConfiguration;
			buildSettings = {
				ALWAYS_SEARCH_USER_PATHS = NO;
				CLANG_CXX_LANGUAGE_STANDARD = "gnu++0x";
				CLANG_CXX_LIBRARY = "libc++";
				CLANG_ENABLE_MODULES = YES;
				CLANG_ENABLE_OBJC_ARC = YES;
				CLANG_WARN_BOOL_CONVERSION = YES;
				CLANG_WARN_CONSTANT_CONVERSION = YES;
				CLANG_WARN_DIRECT_OBJC_ISA_USAGE = YES_ERROR;
				CLANG_WARN_EMPTY_BODY = YES;
				CLANG_WARN_ENUM_CONVERSION = YES;
				CLANG_WARN_INT_CONVERSION = YES;
				CLANG_WARN_OBJC_ROOT_CLASS = YES_ERROR;
				CLANG_WARN_UNREACHABLE_CODE = YES;
				CLANG_WARN__DUPLICATE_METHOD_MATCH = YES;
				COPY_PHASE_STRIP = NO;
				ENABLE_STRICT_OBJC_MSGSEND = YES;
				GCC_C_LANGUAGE_STANDARD = gnu99;
				GCC_DYNAMIC_NO_PIC = NO;
				GCC_OPTIMIZATION_LEVEL = 0;
				GCC_PREPROCESSOR_DEFINITIONS = (
					"DEBUG=1",
					"$(inherited)",
				);
				GCC_SYMBOLS_PRIVATE_EXTERN = NO;
				GCC_WARN_64_TO_32_BIT_CONVERSION = YES;
				GCC_WARN_ABOUT_RETURN_TYPE = YES_ERROR;
				GCC_WARN_UNDECLARED_SELECTOR = YES;
				GCC_WARN_UNINITIALIZED_AUTOS = YES_AGGRESSIVE;
				GCC_WARN_UNUSED_FUNCTION = YES;
				GCC_WARN_UNUSED_VARIABLE = YES;
				MACOSX_DEPLOYMENT_TARGET = 10.9;
				MTL_ENABLE_DEBUG_INFO = YES;
				ONLY_ACTIVE_ARCH = YES;
				SDKROOT = macosx;
				SWIFT_OPTIMIZATION_LEVEL = "-Onone";
			};
			name = Debug;
		};
		E8BC421A19EF5C1A001DBEF6 /* Release */ = {
			isa = XCBuildConfiguration;
			buildSettings = {
				ALWAYS_SEARCH_USER_PATHS = NO;
				CLANG_CXX_LANGUAGE_STANDARD = "gnu++0x";
				CLANG_CXX_LIBRARY = "libc++";
				CLANG_ENABLE_MODULES = YES;
				CLANG_ENABLE_OBJC_ARC = YES;
				CLANG_WARN_BOOL_CONVERSION = YES;
				CLANG_WARN_CONSTANT_CONVERSION = YES;
				CLANG_WARN_DIRECT_OBJC_ISA_USAGE = YES_ERROR;
				CLANG_WARN_EMPTY_BODY = YES;
				CLANG_WARN_ENUM_CONVERSION = YES;
				CLANG_WARN_INT_CONVERSION = YES;
				CLANG_WARN_OBJC_ROOT_CLASS = YES_ERROR;
				CLANG_WARN_UNREACHABLE_CODE = YES;
				CLANG_WARN__DUPLICATE_METHOD_MATCH = YES;
				COPY_PHASE_STRIP = YES;
				DEBUG_INFORMATION_FORMAT = "dwarf-with-dsym";
				ENABLE_NS_ASSERTIONS = NO;
				ENABLE_STRICT_OBJC_MSGSEND = YES;
				GCC_C_LANGUAGE_STANDARD = gnu99;
				GCC_WARN_64_TO_32_BIT_CONVERSION = YES;
				GCC_WARN_ABOUT_RETURN_TYPE = YES_ERROR;
				GCC_WARN_UNDECLARED_SELECTOR = YES;
				GCC_WARN_UNINITIALIZED_AUTOS = YES_AGGRESSIVE;
				GCC_WARN_UNUSED_FUNCTION = YES;
				GCC_WARN_UNUSED_VARIABLE = YES;
				MACOSX_DEPLOYMENT_TARGET = 10.9;
				MTL_ENABLE_DEBUG_INFO = NO;
				SDKROOT = macosx;
			};
			name = Release;
		};
		E8BC421C19EF5C1A001DBEF6 /* Debug */ = {
			isa = XCBuildConfiguration;
			buildSettings = {
				FRAMEWORK_SEARCH_PATHS = (
					"$(inherited)",
					"$(DEVELOPER_DIR)/Toolchains/XcodeDefault.xctoolchain/usr/lib",
				);
				HEADER_SEARCH_PATHS = (
					"$(inherited)",
					"$(SRCROOT)/**",
				);
				LD_RUNPATH_SEARCH_PATHS = "$(DEVELOPER_DIR)/Toolchains/XcodeDefault.xctoolchain/usr/lib";
				LIBRARY_SEARCH_PATHS = (
					"$(inherited)",
					"$(DEVELOPER_DIR)/Toolchains/XcodeDefault.xctoolchain/usr/lib",
				);
				PRODUCT_NAME = "$(TARGET_NAME)";
				SWIFT_OBJC_BRIDGING_HEADER = sourcekitten/sourcekitten_Bridging_Header.h;
			};
			name = Debug;
		};
		E8BC421D19EF5C1A001DBEF6 /* Release */ = {
			isa = XCBuildConfiguration;
			buildSettings = {
				FRAMEWORK_SEARCH_PATHS = (
					"$(inherited)",
					"$(DEVELOPER_DIR)/Toolchains/XcodeDefault.xctoolchain/usr/lib",
				);
				HEADER_SEARCH_PATHS = (
					"$(inherited)",
					"$(SRCROOT)/**",
				);
				LD_RUNPATH_SEARCH_PATHS = "$(DEVELOPER_DIR)/Toolchains/XcodeDefault.xctoolchain/usr/lib";
				LIBRARY_SEARCH_PATHS = (
					"$(inherited)",
					"$(DEVELOPER_DIR)/Toolchains/XcodeDefault.xctoolchain/usr/lib",
				);
				PRODUCT_NAME = "$(TARGET_NAME)";
				SWIFT_OBJC_BRIDGING_HEADER = sourcekitten/sourcekitten_Bridging_Header.h;
			};
			name = Release;
		};
/* End XCBuildConfiguration section */

/* Begin XCConfigurationList section */
		E8BC420F19EF5C1A001DBEF6 /* Build configuration list for PBXProject "sourcekitten" */ = {
			isa = XCConfigurationList;
			buildConfigurations = (
				E8BC421919EF5C1A001DBEF6 /* Debug */,
				E8BC421A19EF5C1A001DBEF6 /* Release */,
			);
			defaultConfigurationIsVisible = 0;
			defaultConfigurationName = Release;
		};
		E8BC421B19EF5C1A001DBEF6 /* Build configuration list for PBXNativeTarget "sourcekitten" */ = {
			isa = XCConfigurationList;
			buildConfigurations = (
				E8BC421C19EF5C1A001DBEF6 /* Debug */,
				E8BC421D19EF5C1A001DBEF6 /* Release */,
			);
			defaultConfigurationIsVisible = 0;
			defaultConfigurationName = Release;
		};
/* End XCConfigurationList section */
	};
	rootObject = E8BC420C19EF5C1A001DBEF6 /* Project object */;
}
